// !$*UTF8*$!
{
	archiveVersion = 1;
	classes = {
	};
	objectVersion = 46;
	objects = {

/* Begin PBXBuildFile section */
		2273B9DC1F2A246B00C201D9 /* Fake Soundwave.gif in Resources */ = {isa = PBXBuildFile; fileRef = 2273B9DB1F2A246B00C201D9 /* Fake Soundwave.gif */; };
		22FF3BCA1F2599D200B5B292 /* AppDelegate.swift in Sources */ = {isa = PBXBuildFile; fileRef = 22FF3BC91F2599D200B5B292 /* AppDelegate.swift */; };
		22FF3BCC1F2599D200B5B292 /* ViewController.swift in Sources */ = {isa = PBXBuildFile; fileRef = 22FF3BCB1F2599D200B5B292 /* ViewController.swift */; };
		22FF3BCF1F2599D200B5B292 /* Main.storyboard in Resources */ = {isa = PBXBuildFile; fileRef = 22FF3BCD1F2599D200B5B292 /* Main.storyboard */; };
		22FF3BD21F2599D200B5B292 /* Morseology.xcdatamodeld in Sources */ = {isa = PBXBuildFile; fileRef = 22FF3BD01F2599D200B5B292 /* Morseology.xcdatamodeld */; };
		22FF3BD41F2599D200B5B292 /* Assets.xcassets in Resources */ = {isa = PBXBuildFile; fileRef = 22FF3BD31F2599D200B5B292 /* Assets.xcassets */; };
		22FF3BD71F2599D200B5B292 /* LaunchScreen.storyboard in Resources */ = {isa = PBXBuildFile; fileRef = 22FF3BD51F2599D200B5B292 /* LaunchScreen.storyboard */; };
		22FF3BE21F2599D200B5B292 /* MorseologyTests.swift in Sources */ = {isa = PBXBuildFile; fileRef = 22FF3BE11F2599D200B5B292 /* MorseologyTests.swift */; };
		22FF3BED1F2599D200B5B292 /* MorseologyUITests.swift in Sources */ = {isa = PBXBuildFile; fileRef = 22FF3BEC1F2599D200B5B292 /* MorseologyUITests.swift */; };
		22FF3BFB1F25C45700B5B292 /* DictionaryViewController.swift in Sources */ = {isa = PBXBuildFile; fileRef = 22FF3BFA1F25C45700B5B292 /* DictionaryViewController.swift */; };
		22FF3BFD1F25D18800B5B292 /* TorchViewController.swift in Sources */ = {isa = PBXBuildFile; fileRef = 22FF3BFC1F25D18800B5B292 /* TorchViewController.swift */; };
		22FF3BFF1F25D19F00B5B292 /* AudioViewController.swift in Sources */ = {isa = PBXBuildFile; fileRef = 22FF3BFE1F25D19F00B5B292 /* AudioViewController.swift */; };
		22FF3C041F26EB6100B5B292 /* EnglishToMorse.swift in Sources */ = {isa = PBXBuildFile; fileRef = 22FF3C031F26EB6100B5B292 /* EnglishToMorse.swift */; };
		2462582AECE514DD86DC25F2 /* Pods_MorseologyTests.framework in Frameworks */ = {isa = PBXBuildFile; fileRef = 1E9644D7CD4A95B6709FF826 /* Pods_MorseologyTests.framework */; };
		735693E9E15C73EB65B350B9 /* Pods_Morseology.framework in Frameworks */ = {isa = PBXBuildFile; fileRef = BD1F92B198DD523E425AE1E4 /* Pods_Morseology.framework */; };
		87857BE3C48714F2AF97D7FB /* Pods_MorseologyUITests.framework in Frameworks */ = {isa = PBXBuildFile; fileRef = E53C257FE79398FD0200445B /* Pods_MorseologyUITests.framework */; };
		DD9D1C741F284C1C00EA914C /* longerBeep.mp3 in Resources */ = {isa = PBXBuildFile; fileRef = DD9D1C731F284C1C00EA914C /* longerBeep.mp3 */; };
		DD9D1C761F284C2900EA914C /* shortBeep.mp3 in Resources */ = {isa = PBXBuildFile; fileRef = DD9D1C751F284C2900EA914C /* shortBeep.mp3 */; };
		DD9D1C781F284C3A00EA914C /* space.mp3 in Resources */ = {isa = PBXBuildFile; fileRef = DD9D1C771F284C3A00EA914C /* space.mp3 */; };
		DD9D1C7C1F29DAA000EA914C /* Audio+Gif.swift in Sources */ = {isa = PBXBuildFile; fileRef = DD9D1C7B1F29DAA000EA914C /* Audio+Gif.swift */; };
		DD9D1C801F29DFE500EA914C /* animatedSoundWaves.gif in Resources */ = {isa = PBXBuildFile; fileRef = DD9D1C7F1F29DFE500EA914C /* animatedSoundWaves.gif */; };
/* End PBXBuildFile section */

/* Begin PBXContainerItemProxy section */
		22FF3BDE1F2599D200B5B292 /* PBXContainerItemProxy */ = {
			isa = PBXContainerItemProxy;
			containerPortal = 22FF3BBE1F2599D200B5B292 /* Project object */;
			proxyType = 1;
			remoteGlobalIDString = 22FF3BC51F2599D200B5B292;
			remoteInfo = Morseology;
		};
		22FF3BE91F2599D200B5B292 /* PBXContainerItemProxy */ = {
			isa = PBXContainerItemProxy;
			containerPortal = 22FF3BBE1F2599D200B5B292 /* Project object */;
			proxyType = 1;
			remoteGlobalIDString = 22FF3BC51F2599D200B5B292;
			remoteInfo = Morseology;
		};
/* End PBXContainerItemProxy section */

/* Begin PBXFileReference section */
		1AD0E1606F9E2C6AF7DB1E92 /* Pods-MorseologyUITests.debug.xcconfig */ = {isa = PBXFileReference; includeInIndex = 1; lastKnownFileType = text.xcconfig; name = "Pods-MorseologyUITests.debug.xcconfig"; path = "Pods/Target Support Files/Pods-MorseologyUITests/Pods-MorseologyUITests.debug.xcconfig"; sourceTree = "<group>"; };
		1C3AC880FAF209BAB42B2EB7 /* Pods-Morseology.debug.xcconfig */ = {isa = PBXFileReference; includeInIndex = 1; lastKnownFileType = text.xcconfig; name = "Pods-Morseology.debug.xcconfig"; path = "Pods/Target Support Files/Pods-Morseology/Pods-Morseology.debug.xcconfig"; sourceTree = "<group>"; };
		1E9644D7CD4A95B6709FF826 /* Pods_MorseologyTests.framework */ = {isa = PBXFileReference; explicitFileType = wrapper.framework; includeInIndex = 0; path = Pods_MorseologyTests.framework; sourceTree = BUILT_PRODUCTS_DIR; };
		2273B9DB1F2A246B00C201D9 /* Fake Soundwave.gif */ = {isa = PBXFileReference; lastKnownFileType = image.gif; path = "Fake Soundwave.gif"; sourceTree = SOURCE_ROOT; };
		22FF3BC61F2599D200B5B292 /* Morseology.app */ = {isa = PBXFileReference; explicitFileType = wrapper.application; includeInIndex = 0; path = Morseology.app; sourceTree = BUILT_PRODUCTS_DIR; };
		22FF3BC91F2599D200B5B292 /* AppDelegate.swift */ = {isa = PBXFileReference; lastKnownFileType = sourcecode.swift; path = AppDelegate.swift; sourceTree = "<group>"; };
		22FF3BCB1F2599D200B5B292 /* ViewController.swift */ = {isa = PBXFileReference; lastKnownFileType = sourcecode.swift; path = ViewController.swift; sourceTree = "<group>"; };
		22FF3BCE1F2599D200B5B292 /* Base */ = {isa = PBXFileReference; lastKnownFileType = file.storyboard; name = Base; path = Base.lproj/Main.storyboard; sourceTree = "<group>"; };
		22FF3BD11F2599D200B5B292 /* Morseology.xcdatamodel */ = {isa = PBXFileReference; lastKnownFileType = wrapper.xcdatamodel; path = Morseology.xcdatamodel; sourceTree = "<group>"; };
		22FF3BD31F2599D200B5B292 /* Assets.xcassets */ = {isa = PBXFileReference; lastKnownFileType = folder.assetcatalog; path = Assets.xcassets; sourceTree = "<group>"; };
		22FF3BD61F2599D200B5B292 /* Base */ = {isa = PBXFileReference; lastKnownFileType = file.storyboard; name = Base; path = Base.lproj/LaunchScreen.storyboard; sourceTree = "<group>"; };
		22FF3BD81F2599D200B5B292 /* Info.plist */ = {isa = PBXFileReference; lastKnownFileType = text.plist.xml; path = Info.plist; sourceTree = "<group>"; };
		22FF3BDD1F2599D200B5B292 /* MorseologyTests.xctest */ = {isa = PBXFileReference; explicitFileType = wrapper.cfbundle; includeInIndex = 0; path = MorseologyTests.xctest; sourceTree = BUILT_PRODUCTS_DIR; };
		22FF3BE11F2599D200B5B292 /* MorseologyTests.swift */ = {isa = PBXFileReference; lastKnownFileType = sourcecode.swift; path = MorseologyTests.swift; sourceTree = "<group>"; };
		22FF3BE31F2599D200B5B292 /* Info.plist */ = {isa = PBXFileReference; lastKnownFileType = text.plist.xml; path = Info.plist; sourceTree = "<group>"; };
		22FF3BE81F2599D200B5B292 /* MorseologyUITests.xctest */ = {isa = PBXFileReference; explicitFileType = wrapper.cfbundle; includeInIndex = 0; path = MorseologyUITests.xctest; sourceTree = BUILT_PRODUCTS_DIR; };
		22FF3BEC1F2599D200B5B292 /* MorseologyUITests.swift */ = {isa = PBXFileReference; lastKnownFileType = sourcecode.swift; path = MorseologyUITests.swift; sourceTree = "<group>"; };
		22FF3BEE1F2599D200B5B292 /* Info.plist */ = {isa = PBXFileReference; lastKnownFileType = text.plist.xml; path = Info.plist; sourceTree = "<group>"; };
		22FF3BFA1F25C45700B5B292 /* DictionaryViewController.swift */ = {isa = PBXFileReference; fileEncoding = 4; lastKnownFileType = sourcecode.swift; path = DictionaryViewController.swift; sourceTree = "<group>"; };
		22FF3BFC1F25D18800B5B292 /* TorchViewController.swift */ = {isa = PBXFileReference; fileEncoding = 4; lastKnownFileType = sourcecode.swift; path = TorchViewController.swift; sourceTree = "<group>"; };
		22FF3BFE1F25D19F00B5B292 /* AudioViewController.swift */ = {isa = PBXFileReference; fileEncoding = 4; lastKnownFileType = sourcecode.swift; path = AudioViewController.swift; sourceTree = "<group>"; };
		22FF3C031F26EB6100B5B292 /* EnglishToMorse.swift */ = {isa = PBXFileReference; fileEncoding = 4; lastKnownFileType = sourcecode.swift; path = EnglishToMorse.swift; sourceTree = "<group>"; };
		7793C8E54FBD0ADC0023C590 /* Pods-Morseology.release.xcconfig */ = {isa = PBXFileReference; includeInIndex = 1; lastKnownFileType = text.xcconfig; name = "Pods-Morseology.release.xcconfig"; path = "Pods/Target Support Files/Pods-Morseology/Pods-Morseology.release.xcconfig"; sourceTree = "<group>"; };
		9E055065A54BA567835198D3 /* Pods-MorseologyUITests.release.xcconfig */ = {isa = PBXFileReference; includeInIndex = 1; lastKnownFileType = text.xcconfig; name = "Pods-MorseologyUITests.release.xcconfig"; path = "Pods/Target Support Files/Pods-MorseologyUITests/Pods-MorseologyUITests.release.xcconfig"; sourceTree = "<group>"; };
		BD1F92B198DD523E425AE1E4 /* Pods_Morseology.framework */ = {isa = PBXFileReference; explicitFileType = wrapper.framework; includeInIndex = 0; path = Pods_Morseology.framework; sourceTree = BUILT_PRODUCTS_DIR; };
		D49134219B5D6C314ED050C5 /* Pods-MorseologyTests.release.xcconfig */ = {isa = PBXFileReference; includeInIndex = 1; lastKnownFileType = text.xcconfig; name = "Pods-MorseologyTests.release.xcconfig"; path = "Pods/Target Support Files/Pods-MorseologyTests/Pods-MorseologyTests.release.xcconfig"; sourceTree = "<group>"; };
		D53AE88F188035552A1B1CDC /* Pods-MorseologyTests.debug.xcconfig */ = {isa = PBXFileReference; includeInIndex = 1; lastKnownFileType = text.xcconfig; name = "Pods-MorseologyTests.debug.xcconfig"; path = "Pods/Target Support Files/Pods-MorseologyTests/Pods-MorseologyTests.debug.xcconfig"; sourceTree = "<group>"; };
		DD9D1C731F284C1C00EA914C /* longerBeep.mp3 */ = {isa = PBXFileReference; lastKnownFileType = audio.mp3; path = longerBeep.mp3; sourceTree = "<group>"; };
		DD9D1C751F284C2900EA914C /* shortBeep.mp3 */ = {isa = PBXFileReference; lastKnownFileType = audio.mp3; path = shortBeep.mp3; sourceTree = "<group>"; };
		DD9D1C771F284C3A00EA914C /* space.mp3 */ = {isa = PBXFileReference; lastKnownFileType = audio.mp3; path = space.mp3; sourceTree = "<group>"; };
		DD9D1C7B1F29DAA000EA914C /* Audio+Gif.swift */ = {isa = PBXFileReference; fileEncoding = 4; lastKnownFileType = sourcecode.swift; path = "Audio+Gif.swift"; sourceTree = "<group>"; };
		DD9D1C7F1F29DFE500EA914C /* animatedSoundWaves.gif */ = {isa = PBXFileReference; lastKnownFileType = image.gif; path = animatedSoundWaves.gif; sourceTree = "<group>"; };
		E53C257FE79398FD0200445B /* Pods_MorseologyUITests.framework */ = {isa = PBXFileReference; explicitFileType = wrapper.framework; includeInIndex = 0; path = Pods_MorseologyUITests.framework; sourceTree = BUILT_PRODUCTS_DIR; };
/* End PBXFileReference section */

/* Begin PBXFrameworksBuildPhase section */
		22FF3BC31F2599D200B5B292 /* Frameworks */ = {
			isa = PBXFrameworksBuildPhase;
			buildActionMask = 2147483647;
			files = (
				735693E9E15C73EB65B350B9 /* Pods_Morseology.framework in Frameworks */,
			);
			runOnlyForDeploymentPostprocessing = 0;
		};
		22FF3BDA1F2599D200B5B292 /* Frameworks */ = {
			isa = PBXFrameworksBuildPhase;
			buildActionMask = 2147483647;
			files = (
				2462582AECE514DD86DC25F2 /* Pods_MorseologyTests.framework in Frameworks */,
			);
			runOnlyForDeploymentPostprocessing = 0;
		};
		22FF3BE51F2599D200B5B292 /* Frameworks */ = {
			isa = PBXFrameworksBuildPhase;
			buildActionMask = 2147483647;
			files = (
				87857BE3C48714F2AF97D7FB /* Pods_MorseologyUITests.framework in Frameworks */,
			);
			runOnlyForDeploymentPostprocessing = 0;
		};
/* End PBXFrameworksBuildPhase section */

/* Begin PBXGroup section */
		22FF3BBD1F2599D200B5B292 = {
			isa = PBXGroup;
			children = (
				22FF3BC81F2599D200B5B292 /* Morseology */,
				22FF3BE01F2599D200B5B292 /* MorseologyTests */,
				22FF3BEB1F2599D200B5B292 /* MorseologyUITests */,
				22FF3BC71F2599D200B5B292 /* Products */,
				EA1709B5B2C56822AFE1F622 /* Pods */,
				2C48DA54337344291A3488D4 /* Frameworks */,
			);
			sourceTree = "<group>";
		};
		22FF3BC71F2599D200B5B292 /* Products */ = {
			isa = PBXGroup;
			children = (
				22FF3BC61F2599D200B5B292 /* Morseology.app */,
				22FF3BDD1F2599D200B5B292 /* MorseologyTests.xctest */,
				22FF3BE81F2599D200B5B292 /* MorseologyUITests.xctest */,
			);
			name = Products;
			sourceTree = "<group>";
		};
		22FF3BC81F2599D200B5B292 /* Morseology */ = {
			isa = PBXGroup;
			children = (
				DD9D1C721F284BEC00EA914C /* Sounds */,
				22FF3BC91F2599D200B5B292 /* AppDelegate.swift */,
				22FF3BCB1F2599D200B5B292 /* ViewController.swift */,
				22FF3BFC1F25D18800B5B292 /* TorchViewController.swift */,
				22FF3BFA1F25C45700B5B292 /* DictionaryViewController.swift */,
				22FF3BFE1F25D19F00B5B292 /* AudioViewController.swift */,
				22FF3BCD1F2599D200B5B292 /* Main.storyboard */,
				DD9D1C7F1F29DFE500EA914C /* animatedSoundWaves.gif */,
				2273B9DB1F2A246B00C201D9 /* Fake Soundwave.gif */,
				DD9D1C7B1F29DAA000EA914C /* Audio+Gif.swift */,
				22FF3C031F26EB6100B5B292 /* EnglishToMorse.swift */,
				22FF3BD31F2599D200B5B292 /* Assets.xcassets */,
				22FF3BD51F2599D200B5B292 /* LaunchScreen.storyboard */,
				22FF3BD81F2599D200B5B292 /* Info.plist */,
				22FF3BD01F2599D200B5B292 /* Morseology.xcdatamodeld */,
			);
			path = Morseology;
			sourceTree = "<group>";
		};
		22FF3BE01F2599D200B5B292 /* MorseologyTests */ = {
			isa = PBXGroup;
			children = (
				22FF3BE11F2599D200B5B292 /* MorseologyTests.swift */,
				22FF3BE31F2599D200B5B292 /* Info.plist */,
			);
			path = MorseologyTests;
			sourceTree = "<group>";
		};
		22FF3BEB1F2599D200B5B292 /* MorseologyUITests */ = {
			isa = PBXGroup;
			children = (
				22FF3BEC1F2599D200B5B292 /* MorseologyUITests.swift */,
				22FF3BEE1F2599D200B5B292 /* Info.plist */,
			);
			path = MorseologyUITests;
			sourceTree = "<group>";
		};
		2C48DA54337344291A3488D4 /* Frameworks */ = {
			isa = PBXGroup;
			children = (
				BD1F92B198DD523E425AE1E4 /* Pods_Morseology.framework */,
				1E9644D7CD4A95B6709FF826 /* Pods_MorseologyTests.framework */,
				E53C257FE79398FD0200445B /* Pods_MorseologyUITests.framework */,
			);
			name = Frameworks;
			sourceTree = "<group>";
		};
		DD9D1C721F284BEC00EA914C /* Sounds */ = {
			isa = PBXGroup;
			children = (
				DD9D1C731F284C1C00EA914C /* longerBeep.mp3 */,
				DD9D1C771F284C3A00EA914C /* space.mp3 */,
				DD9D1C751F284C2900EA914C /* shortBeep.mp3 */,
			);
			name = Sounds;
			sourceTree = "<group>";
		};
		EA1709B5B2C56822AFE1F622 /* Pods */ = {
			isa = PBXGroup;
			children = (
				1C3AC880FAF209BAB42B2EB7 /* Pods-Morseology.debug.xcconfig */,
				7793C8E54FBD0ADC0023C590 /* Pods-Morseology.release.xcconfig */,
				D53AE88F188035552A1B1CDC /* Pods-MorseologyTests.debug.xcconfig */,
				D49134219B5D6C314ED050C5 /* Pods-MorseologyTests.release.xcconfig */,
				1AD0E1606F9E2C6AF7DB1E92 /* Pods-MorseologyUITests.debug.xcconfig */,
				9E055065A54BA567835198D3 /* Pods-MorseologyUITests.release.xcconfig */,
			);
			name = Pods;
			sourceTree = "<group>";
		};
/* End PBXGroup section */

/* Begin PBXNativeTarget section */
		22FF3BC51F2599D200B5B292 /* Morseology */ = {
			isa = PBXNativeTarget;
			buildConfigurationList = 22FF3BF11F2599D200B5B292 /* Build configuration list for PBXNativeTarget "Morseology" */;
			buildPhases = (
				576C0FF02120364838DA2042 /* [CP] Check Pods Manifest.lock */,
				22FF3BC21F2599D200B5B292 /* Sources */,
				22FF3BC31F2599D200B5B292 /* Frameworks */,
				22FF3BC41F2599D200B5B292 /* Resources */,
				9C4EEF027FC420E8A6E02404 /* [CP] Embed Pods Frameworks */,
				91B5001D397700CFE592E931 /* [CP] Copy Pods Resources */,
			);
			buildRules = (
			);
			dependencies = (
			);
			name = Morseology;
			productName = Morseology;
			productReference = 22FF3BC61F2599D200B5B292 /* Morseology.app */;
			productType = "com.apple.product-type.application";
		};
		22FF3BDC1F2599D200B5B292 /* MorseologyTests */ = {
			isa = PBXNativeTarget;
			buildConfigurationList = 22FF3BF41F2599D200B5B292 /* Build configuration list for PBXNativeTarget "MorseologyTests" */;
			buildPhases = (
				F24ECE6EA4E784BF34E77952 /* [CP] Check Pods Manifest.lock */,
				22FF3BD91F2599D200B5B292 /* Sources */,
				22FF3BDA1F2599D200B5B292 /* Frameworks */,
				22FF3BDB1F2599D200B5B292 /* Resources */,
				0876148C6A3785BC936AD086 /* [CP] Embed Pods Frameworks */,
				6B0D4558E0D7B7FB825BA0D9 /* [CP] Copy Pods Resources */,
			);
			buildRules = (
			);
			dependencies = (
				22FF3BDF1F2599D200B5B292 /* PBXTargetDependency */,
			);
			name = MorseologyTests;
			productName = MorseologyTests;
			productReference = 22FF3BDD1F2599D200B5B292 /* MorseologyTests.xctest */;
			productType = "com.apple.product-type.bundle.unit-test";
		};
		22FF3BE71F2599D200B5B292 /* MorseologyUITests */ = {
			isa = PBXNativeTarget;
			buildConfigurationList = 22FF3BF71F2599D200B5B292 /* Build configuration list for PBXNativeTarget "MorseologyUITests" */;
			buildPhases = (
				8FF409EBD33A093E64F02D9F /* [CP] Check Pods Manifest.lock */,
				22FF3BE41F2599D200B5B292 /* Sources */,
				22FF3BE51F2599D200B5B292 /* Frameworks */,
				22FF3BE61F2599D200B5B292 /* Resources */,
				C2771A9AC3071DAA71B5C5BA /* [CP] Embed Pods Frameworks */,
				CAED05D7ACCF26C788E01829 /* [CP] Copy Pods Resources */,
			);
			buildRules = (
			);
			dependencies = (
				22FF3BEA1F2599D200B5B292 /* PBXTargetDependency */,
			);
			name = MorseologyUITests;
			productName = MorseologyUITests;
			productReference = 22FF3BE81F2599D200B5B292 /* MorseologyUITests.xctest */;
			productType = "com.apple.product-type.bundle.ui-testing";
		};
/* End PBXNativeTarget section */

/* Begin PBXProject section */
		22FF3BBE1F2599D200B5B292 /* Project object */ = {
			isa = PBXProject;
			attributes = {
				LastSwiftUpdateCheck = 0830;
				LastUpgradeCheck = 0830;
				ORGANIZATIONNAME = "Nerds In A Room";
				TargetAttributes = {
					22FF3BC51F2599D200B5B292 = {
						CreatedOnToolsVersion = 8.3.3;
						ProvisioningStyle = Automatic;
					};
					22FF3BDC1F2599D200B5B292 = {
						CreatedOnToolsVersion = 8.3.3;
						ProvisioningStyle = Automatic;
						TestTargetID = 22FF3BC51F2599D200B5B292;
					};
					22FF3BE71F2599D200B5B292 = {
						CreatedOnToolsVersion = 8.3.3;
						ProvisioningStyle = Automatic;
						TestTargetID = 22FF3BC51F2599D200B5B292;
					};
				};
			};
			buildConfigurationList = 22FF3BC11F2599D200B5B292 /* Build configuration list for PBXProject "Morseology" */;
			compatibilityVersion = "Xcode 3.2";
			developmentRegion = English;
			hasScannedForEncodings = 0;
			knownRegions = (
				en,
				Base,
			);
			mainGroup = 22FF3BBD1F2599D200B5B292;
			productRefGroup = 22FF3BC71F2599D200B5B292 /* Products */;
			projectDirPath = "";
			projectRoot = "";
			targets = (
				22FF3BC51F2599D200B5B292 /* Morseology */,
				22FF3BDC1F2599D200B5B292 /* MorseologyTests */,
				22FF3BE71F2599D200B5B292 /* MorseologyUITests */,
			);
		};
/* End PBXProject section */

/* Begin PBXResourcesBuildPhase section */
		22FF3BC41F2599D200B5B292 /* Resources */ = {
			isa = PBXResourcesBuildPhase;
			buildActionMask = 2147483647;
			files = (
				22FF3BD71F2599D200B5B292 /* LaunchScreen.storyboard in Resources */,
				2273B9DC1F2A246B00C201D9 /* Fake Soundwave.gif in Resources */,
				DD9D1C801F29DFE500EA914C /* animatedSoundWaves.gif in Resources */,
				DD9D1C781F284C3A00EA914C /* space.mp3 in Resources */,
				22FF3BD41F2599D200B5B292 /* Assets.xcassets in Resources */,
				22FF3BCF1F2599D200B5B292 /* Main.storyboard in Resources */,
				DD9D1C761F284C2900EA914C /* shortBeep.mp3 in Resources */,
				DD9D1C741F284C1C00EA914C /* longerBeep.mp3 in Resources */,
			);
			runOnlyForDeploymentPostprocessing = 0;
		};
		22FF3BDB1F2599D200B5B292 /* Resources */ = {
			isa = PBXResourcesBuildPhase;
			buildActionMask = 2147483647;
			files = (
			);
			runOnlyForDeploymentPostprocessing = 0;
		};
		22FF3BE61F2599D200B5B292 /* Resources */ = {
			isa = PBXResourcesBuildPhase;
			buildActionMask = 2147483647;
			files = (
			);
			runOnlyForDeploymentPostprocessing = 0;
		};
/* End PBXResourcesBuildPhase section */

/* Begin PBXShellScriptBuildPhase section */
		0876148C6A3785BC936AD086 /* [CP] Embed Pods Frameworks */ = {
			isa = PBXShellScriptBuildPhase;
			buildActionMask = 2147483647;
			files = (
			);
			inputPaths = (
			);
			name = "[CP] Embed Pods Frameworks";
			outputPaths = (
			);
			runOnlyForDeploymentPostprocessing = 0;
			shellPath = /bin/sh;
			shellScript = "\"${SRCROOT}/Pods/Target Support Files/Pods-MorseologyTests/Pods-MorseologyTests-frameworks.sh\"\n";
			showEnvVarsInLog = 0;
		};
		576C0FF02120364838DA2042 /* [CP] Check Pods Manifest.lock */ = {
			isa = PBXShellScriptBuildPhase;
			buildActionMask = 2147483647;
			files = (
			);
			inputPaths = (
			);
			name = "[CP] Check Pods Manifest.lock";
			outputPaths = (
			);
			runOnlyForDeploymentPostprocessing = 0;
			shellPath = /bin/sh;
			shellScript = "diff \"${PODS_PODFILE_DIR_PATH}/Podfile.lock\" \"${PODS_ROOT}/Manifest.lock\" > /dev/null\nif [ $? != 0 ] ; then\n    # print error to STDERR\n    echo \"error: The sandbox is not in sync with the Podfile.lock. Run 'pod install' or update your CocoaPods installation.\" >&2\n    exit 1\nfi\n";
			showEnvVarsInLog = 0;
		};
		6B0D4558E0D7B7FB825BA0D9 /* [CP] Copy Pods Resources */ = {
			isa = PBXShellScriptBuildPhase;
			buildActionMask = 2147483647;
			files = (
			);
			inputPaths = (
			);
			name = "[CP] Copy Pods Resources";
			outputPaths = (
			);
			runOnlyForDeploymentPostprocessing = 0;
			shellPath = /bin/sh;
			shellScript = "\"${SRCROOT}/Pods/Target Support Files/Pods-MorseologyTests/Pods-MorseologyTests-resources.sh\"\n";
			showEnvVarsInLog = 0;
		};
		8FF409EBD33A093E64F02D9F /* [CP] Check Pods Manifest.lock */ = {
			isa = PBXShellScriptBuildPhase;
			buildActionMask = 2147483647;
			files = (
			);
			inputPaths = (
			);
			name = "[CP] Check Pods Manifest.lock";
			outputPaths = (
			);
			runOnlyForDeploymentPostprocessing = 0;
			shellPath = /bin/sh;
			shellScript = "diff \"${PODS_PODFILE_DIR_PATH}/Podfile.lock\" \"${PODS_ROOT}/Manifest.lock\" > /dev/null\nif [ $? != 0 ] ; then\n    # print error to STDERR\n    echo \"error: The sandbox is not in sync with the Podfile.lock. Run 'pod install' or update your CocoaPods installation.\" >&2\n    exit 1\nfi\n";
			showEnvVarsInLog = 0;
		};
		91B5001D397700CFE592E931 /* [CP] Copy Pods Resources */ = {
			isa = PBXShellScriptBuildPhase;
			buildActionMask = 2147483647;
			files = (
			);
			inputPaths = (
			);
			name = "[CP] Copy Pods Resources";
			outputPaths = (
			);
			runOnlyForDeploymentPostprocessing = 0;
			shellPath = /bin/sh;
			shellScript = "\"${SRCROOT}/Pods/Target Support Files/Pods-Morseology/Pods-Morseology-resources.sh\"\n";
			showEnvVarsInLog = 0;
		};
		9C4EEF027FC420E8A6E02404 /* [CP] Embed Pods Frameworks */ = {
			isa = PBXShellScriptBuildPhase;
			buildActionMask = 2147483647;
			files = (
			);
			inputPaths = (
			);
			name = "[CP] Embed Pods Frameworks";
			outputPaths = (
			);
			runOnlyForDeploymentPostprocessing = 0;
			shellPath = /bin/sh;
			shellScript = "\"${SRCROOT}/Pods/Target Support Files/Pods-Morseology/Pods-Morseology-frameworks.sh\"\n";
			showEnvVarsInLog = 0;
		};
		C2771A9AC3071DAA71B5C5BA /* [CP] Embed Pods Frameworks */ = {
			isa = PBXShellScriptBuildPhase;
			buildActionMask = 2147483647;
			files = (
			);
			inputPaths = (
			);
			name = "[CP] Embed Pods Frameworks";
			outputPaths = (
			);
			runOnlyForDeploymentPostprocessing = 0;
			shellPath = /bin/sh;
			shellScript = "\"${SRCROOT}/Pods/Target Support Files/Pods-MorseologyUITests/Pods-MorseologyUITests-frameworks.sh\"\n";
			showEnvVarsInLog = 0;
		};
		CAED05D7ACCF26C788E01829 /* [CP] Copy Pods Resources */ = {
			isa = PBXShellScriptBuildPhase;
			buildActionMask = 2147483647;
			files = (
			);
			inputPaths = (
			);
			name = "[CP] Copy Pods Resources";
			outputPaths = (
			);
			runOnlyForDeploymentPostprocessing = 0;
			shellPath = /bin/sh;
			shellScript = "\"${SRCROOT}/Pods/Target Support Files/Pods-MorseologyUITests/Pods-MorseologyUITests-resources.sh\"\n";
			showEnvVarsInLog = 0;
		};
		F24ECE6EA4E784BF34E77952 /* [CP] Check Pods Manifest.lock */ = {
			isa = PBXShellScriptBuildPhase;
			buildActionMask = 2147483647;
			files = (
			);
			inputPaths = (
			);
			name = "[CP] Check Pods Manifest.lock";
			outputPaths = (
			);
			runOnlyForDeploymentPostprocessing = 0;
			shellPath = /bin/sh;
			shellScript = "diff \"${PODS_PODFILE_DIR_PATH}/Podfile.lock\" \"${PODS_ROOT}/Manifest.lock\" > /dev/null\nif [ $? != 0 ] ; then\n    # print error to STDERR\n    echo \"error: The sandbox is not in sync with the Podfile.lock. Run 'pod install' or update your CocoaPods installation.\" >&2\n    exit 1\nfi\n";
			showEnvVarsInLog = 0;
		};
/* End PBXShellScriptBuildPhase section */

/* Begin PBXSourcesBuildPhase section */
		22FF3BC21F2599D200B5B292 /* Sources */ = {
			isa = PBXSourcesBuildPhase;
			buildActionMask = 2147483647;
			files = (
				22FF3BD21F2599D200B5B292 /* Morseology.xcdatamodeld in Sources */,
				22FF3BFD1F25D18800B5B292 /* TorchViewController.swift in Sources */,
				22FF3BCC1F2599D200B5B292 /* ViewController.swift in Sources */,
				22FF3BFB1F25C45700B5B292 /* DictionaryViewController.swift in Sources */,
				22FF3BCA1F2599D200B5B292 /* AppDelegate.swift in Sources */,
				DD9D1C7C1F29DAA000EA914C /* Audio+Gif.swift in Sources */,
				22FF3C041F26EB6100B5B292 /* EnglishToMorse.swift in Sources */,
				22FF3BFF1F25D19F00B5B292 /* AudioViewController.swift in Sources */,
			);
			runOnlyForDeploymentPostprocessing = 0;
		};
		22FF3BD91F2599D200B5B292 /* Sources */ = {
			isa = PBXSourcesBuildPhase;
			buildActionMask = 2147483647;
			files = (
				22FF3BE21F2599D200B5B292 /* MorseologyTests.swift in Sources */,
			);
			runOnlyForDeploymentPostprocessing = 0;
		};
		22FF3BE41F2599D200B5B292 /* Sources */ = {
			isa = PBXSourcesBuildPhase;
			buildActionMask = 2147483647;
			files = (
				22FF3BED1F2599D200B5B292 /* MorseologyUITests.swift in Sources */,
			);
			runOnlyForDeploymentPostprocessing = 0;
		};
/* End PBXSourcesBuildPhase section */

/* Begin PBXTargetDependency section */
		22FF3BDF1F2599D200B5B292 /* PBXTargetDependency */ = {
			isa = PBXTargetDependency;
			target = 22FF3BC51F2599D200B5B292 /* Morseology */;
			targetProxy = 22FF3BDE1F2599D200B5B292 /* PBXContainerItemProxy */;
		};
		22FF3BEA1F2599D200B5B292 /* PBXTargetDependency */ = {
			isa = PBXTargetDependency;
			target = 22FF3BC51F2599D200B5B292 /* Morseology */;
			targetProxy = 22FF3BE91F2599D200B5B292 /* PBXContainerItemProxy */;
		};
/* End PBXTargetDependency section */

/* Begin PBXVariantGroup section */
		22FF3BCD1F2599D200B5B292 /* Main.storyboard */ = {
			isa = PBXVariantGroup;
			children = (
				22FF3BCE1F2599D200B5B292 /* Base */,
			);
			name = Main.storyboard;
			sourceTree = "<group>";
		};
		22FF3BD51F2599D200B5B292 /* LaunchScreen.storyboard */ = {
			isa = PBXVariantGroup;
			children = (
				22FF3BD61F2599D200B5B292 /* Base */,
			);
			name = LaunchScreen.storyboard;
			sourceTree = "<group>";
		};
/* End PBXVariantGroup section */

/* Begin XCBuildConfiguration section */
		22FF3BEF1F2599D200B5B292 /* Debug */ = {
			isa = XCBuildConfiguration;
			buildSettings = {
				ALWAYS_SEARCH_USER_PATHS = NO;
				CLANG_ANALYZER_NONNULL = YES;
				CLANG_ANALYZER_NUMBER_OBJECT_CONVERSION = YES_AGGRESSIVE;
				CLANG_CXX_LANGUAGE_STANDARD = "gnu++0x";
				CLANG_CXX_LIBRARY = "libc++";
				CLANG_ENABLE_MODULES = YES;
				CLANG_ENABLE_OBJC_ARC = YES;
				CLANG_WARN_BOOL_CONVERSION = YES;
				CLANG_WARN_CONSTANT_CONVERSION = YES;
				CLANG_WARN_DIRECT_OBJC_ISA_USAGE = YES_ERROR;
				CLANG_WARN_DOCUMENTATION_COMMENTS = YES;
				CLANG_WARN_EMPTY_BODY = YES;
				CLANG_WARN_ENUM_CONVERSION = YES;
				CLANG_WARN_INFINITE_RECURSION = YES;
				CLANG_WARN_INT_CONVERSION = YES;
				CLANG_WARN_OBJC_ROOT_CLASS = YES_ERROR;
				CLANG_WARN_SUSPICIOUS_MOVE = YES;
				CLANG_WARN_UNREACHABLE_CODE = YES;
				CLANG_WARN__DUPLICATE_METHOD_MATCH = YES;
				"CODE_SIGN_IDENTITY[sdk=iphoneos*]" = "iPhone Developer";
				COPY_PHASE_STRIP = NO;
				DEBUG_INFORMATION_FORMAT = dwarf;
				ENABLE_STRICT_OBJC_MSGSEND = YES;
				ENABLE_TESTABILITY = YES;
				GCC_C_LANGUAGE_STANDARD = gnu99;
				GCC_DYNAMIC_NO_PIC = NO;
				GCC_NO_COMMON_BLOCKS = YES;
				GCC_OPTIMIZATION_LEVEL = 0;
				GCC_PREPROCESSOR_DEFINITIONS = (
					"DEBUG=1",
					"$(inherited)",
				);
				GCC_WARN_64_TO_32_BIT_CONVERSION = YES;
				GCC_WARN_ABOUT_RETURN_TYPE = YES_ERROR;
				GCC_WARN_UNDECLARED_SELECTOR = YES;
				GCC_WARN_UNINITIALIZED_AUTOS = YES_AGGRESSIVE;
				GCC_WARN_UNUSED_FUNCTION = YES;
				GCC_WARN_UNUSED_VARIABLE = YES;
				IPHONEOS_DEPLOYMENT_TARGET = 10.0;
				MTL_ENABLE_DEBUG_INFO = YES;
				ONLY_ACTIVE_ARCH = YES;
				SDKROOT = iphoneos;
				SWIFT_ACTIVE_COMPILATION_CONDITIONS = DEBUG;
				SWIFT_OPTIMIZATION_LEVEL = "-Onone";
				TARGETED_DEVICE_FAMILY = "1,2";
			};
			name = Debug;
		};
		22FF3BF01F2599D200B5B292 /* Release */ = {
			isa = XCBuildConfiguration;
			buildSettings = {
				ALWAYS_SEARCH_USER_PATHS = NO;
				CLANG_ANALYZER_NONNULL = YES;
				CLANG_ANALYZER_NUMBER_OBJECT_CONVERSION = YES_AGGRESSIVE;
				CLANG_CXX_LANGUAGE_STANDARD = "gnu++0x";
				CLANG_CXX_LIBRARY = "libc++";
				CLANG_ENABLE_MODULES = YES;
				CLANG_ENABLE_OBJC_ARC = YES;
				CLANG_WARN_BOOL_CONVERSION = YES;
				CLANG_WARN_CONSTANT_CONVERSION = YES;
				CLANG_WARN_DIRECT_OBJC_ISA_USAGE = YES_ERROR;
				CLANG_WARN_DOCUMENTATION_COMMENTS = YES;
				CLANG_WARN_EMPTY_BODY = YES;
				CLANG_WARN_ENUM_CONVERSION = YES;
				CLANG_WARN_INFINITE_RECURSION = YES;
				CLANG_WARN_INT_CONVERSION = YES;
				CLANG_WARN_OBJC_ROOT_CLASS = YES_ERROR;
				CLANG_WARN_SUSPICIOUS_MOVE = YES;
				CLANG_WARN_UNREACHABLE_CODE = YES;
				CLANG_WARN__DUPLICATE_METHOD_MATCH = YES;
				"CODE_SIGN_IDENTITY[sdk=iphoneos*]" = "iPhone Developer";
				COPY_PHASE_STRIP = NO;
				DEBUG_INFORMATION_FORMAT = "dwarf-with-dsym";
				ENABLE_NS_ASSERTIONS = NO;
				ENABLE_STRICT_OBJC_MSGSEND = YES;
				GCC_C_LANGUAGE_STANDARD = gnu99;
				GCC_NO_COMMON_BLOCKS = YES;
				GCC_WARN_64_TO_32_BIT_CONVERSION = YES;
				GCC_WARN_ABOUT_RETURN_TYPE = YES_ERROR;
				GCC_WARN_UNDECLARED_SELECTOR = YES;
				GCC_WARN_UNINITIALIZED_AUTOS = YES_AGGRESSIVE;
				GCC_WARN_UNUSED_FUNCTION = YES;
				GCC_WARN_UNUSED_VARIABLE = YES;
				IPHONEOS_DEPLOYMENT_TARGET = 10.0;
				MTL_ENABLE_DEBUG_INFO = NO;
				SDKROOT = iphoneos;
				SWIFT_OPTIMIZATION_LEVEL = "-Owholemodule";
				TARGETED_DEVICE_FAMILY = "1,2";
				VALIDATE_PRODUCT = YES;
			};
			name = Release;
		};
		22FF3BF21F2599D200B5B292 /* Debug */ = {
			isa = XCBuildConfiguration;
			baseConfigurationReference = 1C3AC880FAF209BAB42B2EB7 /* Pods-Morseology.debug.xcconfig */;
			buildSettings = {
				ASSETCATALOG_COMPILER_APPICON_NAME = AppIcon;
				INFOPLIST_FILE = Morseology/Info.plist;
				IPHONEOS_DEPLOYMENT_TARGET = 10.0;
				LD_RUNPATH_SEARCH_PATHS = "$(inherited) @executable_path/Frameworks";
				PRODUCT_BUNDLE_IDENTIFIER = com.makeschool.Morseology;
				PRODUCT_NAME = "$(TARGET_NAME)";
				SWIFT_VERSION = 3.0;
				TARGETED_DEVICE_FAMILY = "1,2";
			};
			name = Debug;
		};
		22FF3BF31F2599D200B5B292 /* Release */ = {
			isa = XCBuildConfiguration;
			baseConfigurationReference = 7793C8E54FBD0ADC0023C590 /* Pods-Morseology.release.xcconfig */;
			buildSettings = {
				ASSETCATALOG_COMPILER_APPICON_NAME = AppIcon;
				INFOPLIST_FILE = Morseology/Info.plist;
				IPHONEOS_DEPLOYMENT_TARGET = 10.0;
				LD_RUNPATH_SEARCH_PATHS = "$(inherited) @executable_path/Frameworks";
				PRODUCT_BUNDLE_IDENTIFIER = com.makeschool.Morseology;
				PRODUCT_NAME = "$(TARGET_NAME)";
				SWIFT_VERSION = 3.0;
				TARGETED_DEVICE_FAMILY = "1,2";
			};
			name = Release;
		};
		22FF3BF51F2599D200B5B292 /* Debug */ = {
			isa = XCBuildConfiguration;
			baseConfigurationReference = D53AE88F188035552A1B1CDC /* Pods-MorseologyTests.debug.xcconfig */;
			buildSettings = {
				ALWAYS_EMBED_SWIFT_STANDARD_LIBRARIES = YES;
				BUNDLE_LOADER = "$(TEST_HOST)";
				INFOPLIST_FILE = MorseologyTests/Info.plist;
				LD_RUNPATH_SEARCH_PATHS = "$(inherited) @executable_path/Frameworks @loader_path/Frameworks";
				PRODUCT_BUNDLE_IDENTIFIER = com.makeschool.MorseologyTests;
				PRODUCT_NAME = "$(TARGET_NAME)";
				SWIFT_VERSION = 3.0;
				TEST_HOST = "$(BUILT_PRODUCTS_DIR)/Morseology.app/Morseology";
			};
			name = Debug;
		};
		22FF3BF61F2599D200B5B292 /* Release */ = {
			isa = XCBuildConfiguration;
			baseConfigurationReference = D49134219B5D6C314ED050C5 /* Pods-MorseologyTests.release.xcconfig */;
			buildSettings = {
				ALWAYS_EMBED_SWIFT_STANDARD_LIBRARIES = YES;
				BUNDLE_LOADER = "$(TEST_HOST)";
				INFOPLIST_FILE = MorseologyTests/Info.plist;
				LD_RUNPATH_SEARCH_PATHS = "$(inherited) @executable_path/Frameworks @loader_path/Frameworks";
				PRODUCT_BUNDLE_IDENTIFIER = com.makeschool.MorseologyTests;
				PRODUCT_NAME = "$(TARGET_NAME)";
				SWIFT_VERSION = 3.0;
				TEST_HOST = "$(BUILT_PRODUCTS_DIR)/Morseology.app/Morseology";
			};
			name = Release;
		};
		22FF3BF81F2599D200B5B292 /* Debug */ = {
			isa = XCBuildConfiguration;
			baseConfigurationReference = 1AD0E1606F9E2C6AF7DB1E92 /* Pods-MorseologyUITests.debug.xcconfig */;
			buildSettings = {
				ALWAYS_EMBED_SWIFT_STANDARD_LIBRARIES = YES;
				INFOPLIST_FILE = MorseologyUITests/Info.plist;
				LD_RUNPATH_SEARCH_PATHS = "$(inherited) @executable_path/Frameworks @loader_path/Frameworks";
				PRODUCT_BUNDLE_IDENTIFIER = com.makeschool.MorseologyUITests;
				PRODUCT_NAME = "$(TARGET_NAME)";
				SWIFT_VERSION = 3.0;
				TEST_TARGET_NAME = Morseology;
			};
			name = Debug;
		};
		22FF3BF91F2599D200B5B292 /* Release */ = {
			isa = XCBuildConfiguration;
			baseConfigurationReference = 9E055065A54BA567835198D3 /* Pods-MorseologyUITests.release.xcconfig */;
			buildSettings = {
				ALWAYS_EMBED_SWIFT_STANDARD_LIBRARIES = YES;
				INFOPLIST_FILE = MorseologyUITests/Info.plist;
				LD_RUNPATH_SEARCH_PATHS = "$(inherited) @executable_path/Frameworks @loader_path/Frameworks";
				PRODUCT_BUNDLE_IDENTIFIER = com.makeschool.MorseologyUITests;
				PRODUCT_NAME = "$(TARGET_NAME)";
				SWIFT_VERSION = 3.0;
				TEST_TARGET_NAME = Morseology;
			};
			name = Release;
		};
/* End XCBuildConfiguration section */

/* Begin XCConfigurationList section */
		22FF3BC11F2599D200B5B292 /* Build configuration list for PBXProject "Morseology" */ = {
			isa = XCConfigurationList;
			buildConfigurations = (
				22FF3BEF1F2599D200B5B292 /* Debug */,
				22FF3BF01F2599D200B5B292 /* Release */,
			);
			defaultConfigurationIsVisible = 0;
			defaultConfigurationName = Release;
		};
		22FF3BF11F2599D200B5B292 /* Build configuration list for PBXNativeTarget "Morseology" */ = {
			isa = XCConfigurationList;
			buildConfigurations = (
				22FF3BF21F2599D200B5B292 /* Debug */,
				22FF3BF31F2599D200B5B292 /* Release */,
			);
			defaultConfigurationIsVisible = 0;
			defaultConfigurationName = Release;
		};
		22FF3BF41F2599D200B5B292 /* Build configuration list for PBXNativeTarget "MorseologyTests" */ = {
			isa = XCConfigurationList;
			buildConfigurations = (
				22FF3BF51F2599D200B5B292 /* Debug */,
				22FF3BF61F2599D200B5B292 /* Release */,
			);
			defaultConfigurationIsVisible = 0;
			defaultConfigurationName = Release;
		};
		22FF3BF71F2599D200B5B292 /* Build configuration list for PBXNativeTarget "MorseologyUITests" */ = {
			isa = XCConfigurationList;
			buildConfigurations = (
				22FF3BF81F2599D200B5B292 /* Debug */,
				22FF3BF91F2599D200B5B292 /* Release */,
			);
			defaultConfigurationIsVisible = 0;
			defaultConfigurationName = Release;
		};
/* End XCConfigurationList section */

/* Begin XCVersionGroup section */
		22FF3BD01F2599D200B5B292 /* Morseology.xcdatamodeld */ = {
			isa = XCVersionGroup;
			children = (
				22FF3BD11F2599D200B5B292 /* Morseology.xcdatamodel */,
			);
			currentVersion = 22FF3BD11F2599D200B5B292 /* Morseology.xcdatamodel */;
			path = Morseology.xcdatamodeld;
			sourceTree = "<group>";
			versionGroupType = wrapper.xcdatamodel;
		};
/* End XCVersionGroup section */
	};
	rootObject = 22FF3BBE1F2599D200B5B292 /* Project object */;
}
